
Microsoft Visual Studio Solution File, Format Version 12.00
# Visual Studio Version 17
VisualStudioVersion = 17.0.31912.275
MinimumVisualStudioVersion = 10.0.40219.1
Project("{FAE04EC0-301F-11D3-BF4B-00C04F79EFBC}") = "WFormsEx2UnaryRpc", "WFormsEx2UnaryRpc\WFormsEx2UnaryRpc.csproj", "{0AB1403E-A0C2-43B0-B200-B222FFEBB201}"
EndProject
Global
	GlobalSection(SolutionConfigurationPlatforms) = preSolution
		Debug|Any CPU = Debug|Any CPU
		Release|Any CPU = Release|Any CPU
	EndGlobalSection
	GlobalSection(ProjectConfigurationPlatforms) = postSolution
		{0AB1403E-A0C2-43B0-B200-B222FFEBB201}.Debug|Any CPU.ActiveCfg = Debug|Any CPU
		{0AB1403E-A0C2-43B0-B200-B222FFEBB201}.Debug|Any CPU.Build.0 = Debug|Any CPU
		{0AB1403E-A0C2-43B0-B200-B222FFEBB201}.Release|Any CPU.ActiveCfg = Release|Any CPU
		{0AB1403E-A0C2-43B0-B200-B222FFEBB201}.Release|Any CPU.Build.0 = Release|Any CPU
	EndGlobalSection
	GlobalSection(SolutionProperties) = preSolution
		HideSolutionNode = FALSE
	EndGlobalSection
	GlobalSection(ExtensibilityGlobals) = postSolution
		SolutionGuid = {5E4FF53A-F918-4C1D-9536-9B5FF80BBB3D}
	EndGlobalSection
EndGlobal
