
Microsoft Visual Studio Solution File, Format Version 12.00
# Visual Studio Version 17
VisualStudioVersion = 17.0.31912.275
MinimumVisualStudioVersion = 10.0.40219.1
Project("{FAE04EC0-301F-11D3-BF4B-00C04F79EFBC}") = "WFormsEx1HelloWorld", "WFormsEx1HelloWorld\WFormsEx1HelloWorld.csproj", "{02EC8A6E-7D63-41BD-902B-C9E4DAED5339}"
EndProject
Global
	GlobalSection(SolutionConfigurationPlatforms) = preSolution
		Debug|Any CPU = Debug|Any CPU
		Release|Any CPU = Release|Any CPU
	EndGlobalSection
	GlobalSection(ProjectConfigurationPlatforms) = postSolution
		{02EC8A6E-7D63-41BD-902B-C9E4DAED5339}.Debug|Any CPU.ActiveCfg = Debug|Any CPU
		{02EC8A6E-7D63-41BD-902B-C9E4DAED5339}.Debug|Any CPU.Build.0 = Debug|Any CPU
		{02EC8A6E-7D63-41BD-902B-C9E4DAED5339}.Release|Any CPU.ActiveCfg = Release|Any CPU
		{02EC8A6E-7D63-41BD-902B-C9E4DAED5339}.Release|Any CPU.Build.0 = Release|Any CPU
	EndGlobalSection
	GlobalSection(SolutionProperties) = preSolution
		HideSolutionNode = FALSE
	EndGlobalSection
	GlobalSection(ExtensibilityGlobals) = postSolution
		SolutionGuid = {5ABB9317-AE91-489E-BA13-557A74BA522B}
	EndGlobalSection
EndGlobal
